
Microsoft Visual Studio Solution File, Format Version 12.00
# Visual Studio Version 17
VisualStudioVersion = 17.13.35913.81 d17.13
MinimumVisualStudioVersion = 10.0.40219.1
Project("{FAE04EC0-301F-11D3-BF4B-00C04F79EFBC}") = "Proyecto Yu-Gi-Oh", "Proyecto Yu-Gi-Oh.csproj", "{CC9F935D-D76D-4923-B16E-5BDF1D9763ED}"
EndProject
Global
	GlobalSection(SolutionConfigurationPlatforms) = preSolution
		Debug|Any CPU = Debug|Any CPU
		Release|Any CPU = Release|Any CPU
	EndGlobalSection
	GlobalSection(ProjectConfigurationPlatforms) = postSolution
		{CC9F935D-D76D-4923-B16E-5BDF1D9763ED}.Debug|Any CPU.ActiveCfg = Debug|Any CPU
		{CC9F935D-D76D-4923-B16E-5BDF1D9763ED}.Debug|Any CPU.Build.0 = Debug|Any CPU
		{CC9F935D-D76D-4923-B16E-5BDF1D9763ED}.Release|Any CPU.ActiveCfg = Release|Any CPU
		{CC9F935D-D76D-4923-B16E-5BDF1D9763ED}.Release|Any CPU.Build.0 = Release|Any CPU
	EndGlobalSection
	GlobalSection(SolutionProperties) = preSolution
		HideSolutionNode = FALSE
	EndGlobalSection
	GlobalSection(ExtensibilityGlobals) = postSolution
		SolutionGuid = {21E16276-314E-41DC-9C0C-1861CA111CE3}
	EndGlobalSection
EndGlobal
